<Solution>
  <Project Path="Assembly-CSharp-Editor.csproj" />
  <Project Path="Assembly-CSharp.csproj" />
  <Project Path="BuildReportTool.csproj" />
  <Project Path="Assembly-CSharp-firstpass.csproj" />
  <Project Path="Fusion.Unity.Editor.csproj" />
  <Project Path="UIEffect.csproj" />
  <Project Path="Assembly-CSharp-Editor-firstpass.csproj" />
  <Project Path="ParticleImage.csproj" />
  <Project Path="PlayFab.csproj" />
  <Project Path="Fusion.Addons.Physics.csproj" />
  <Project Path="PlayFabEditorExtensions.csproj" />
  <Project Path="ParticleImage.Editor.csproj" />
  <Project Path="Fusion.Unity.csproj" />
  <Project Path="GoogleMobileAds.Editor.csproj" />
  <Project Path="ParrelSync.csproj" />
  <Project Path="UIEffect-Editor.csproj" />
  <Project Path="PlayFabSDKEditor.csproj" />
  <Project Path="Fusion.Addons.Physics.Editor.csproj" />
  <Project Path="Unity.Fusion.CodeGen.csproj" />
</Solution>
